
Microsoft Visual Studio Solution File, Format Version 12.00
# Visual Studio Version 16
VisualStudioVersion = 16.0.30114.105
MinimumVisualStudioVersion = 10.0.40219.1
Project("{FAE04EC0-301F-11D3-BF4B-00C04F79EFBC}") = "CafeLibrary", "CafeLibrary\CafeLibrary.csproj", "{A8619FEA-3F7F-4512-90CD-81807D1861B0}"
EndProject
Project("{FAE04EC0-301F-11D3-BF4B-00C04F79EFBC}") = "CafeTests", "CafeTests\CafeTests.csproj", "{8BBB1CE6-50E9-4C49-B5DD-073891B1FF45}"
EndProject
Project("{FAE04EC0-301F-11D3-BF4B-00C04F79EFBC}") = "CafeUI", "CafeUI\CafeUI.csproj", "{E9FE5DE4-6730-4E61-9FB7-022B69821680}"
EndProject
Global
	GlobalSection(SolutionConfigurationPlatforms) = preSolution
		Debug|Any CPU = Debug|Any CPU
		Debug|x64 = Debug|x64
		Debug|x86 = Debug|x86
		Release|Any CPU = Release|Any CPU
		Release|x64 = Release|x64
		Release|x86 = Release|x86
	EndGlobalSection
	GlobalSection(SolutionProperties) = preSolution
		HideSolutionNode = FALSE
	EndGlobalSection
	GlobalSection(ProjectConfigurationPlatforms) = postSolution
		{A8619FEA-3F7F-4512-90CD-81807D1861B0}.Debug|Any CPU.ActiveCfg = Debug|Any CPU
		{A8619FEA-3F7F-4512-90CD-81807D1861B0}.Debug|Any CPU.Build.0 = Debug|Any CPU
		{A8619FEA-3F7F-4512-90CD-81807D1861B0}.Debug|x64.ActiveCfg = Debug|Any CPU
		{A8619FEA-3F7F-4512-90CD-81807D1861B0}.Debug|x64.Build.0 = Debug|Any CPU
		{A8619FEA-3F7F-4512-90CD-81807D1861B0}.Debug|x86.ActiveCfg = Debug|Any CPU
		{A8619FEA-3F7F-4512-90CD-81807D1861B0}.Debug|x86.Build.0 = Debug|Any CPU
		{A8619FEA-3F7F-4512-90CD-81807D1861B0}.Release|Any CPU.ActiveCfg = Release|Any CPU
		{A8619FEA-3F7F-4512-90CD-81807D1861B0}.Release|Any CPU.Build.0 = Release|Any CPU
		{A8619FEA-3F7F-4512-90CD-81807D1861B0}.Release|x64.ActiveCfg = Release|Any CPU
		{A8619FEA-3F7F-4512-90CD-81807D1861B0}.Release|x64.Build.0 = Release|Any CPU
		{A8619FEA-3F7F-4512-90CD-81807D1861B0}.Release|x86.ActiveCfg = Release|Any CPU
		{A8619FEA-3F7F-4512-90CD-81807D1861B0}.Release|x86.Build.0 = Release|Any CPU
		{8BBB1CE6-50E9-4C49-B5DD-073891B1FF45}.Debug|Any CPU.ActiveCfg = Debug|Any CPU
		{8BBB1CE6-50E9-4C49-B5DD-073891B1FF45}.Debug|Any CPU.Build.0 = Debug|Any CPU
		{8BBB1CE6-50E9-4C49-B5DD-073891B1FF45}.Debug|x64.ActiveCfg = Debug|Any CPU
		{8BBB1CE6-50E9-4C49-B5DD-073891B1FF45}.Debug|x64.Build.0 = Debug|Any CPU
		{8BBB1CE6-50E9-4C49-B5DD-073891B1FF45}.Debug|x86.ActiveCfg = Debug|Any CPU
		{8BBB1CE6-50E9-4C49-B5DD-073891B1FF45}.Debug|x86.Build.0 = Debug|Any CPU
		{8BBB1CE6-50E9-4C49-B5DD-073891B1FF45}.Release|Any CPU.ActiveCfg = Release|Any CPU
		{8BBB1CE6-50E9-4C49-B5DD-073891B1FF45}.Release|Any CPU.Build.0 = Release|Any CPU
		{8BBB1CE6-50E9-4C49-B5DD-073891B1FF45}.Release|x64.ActiveCfg = Release|Any CPU
		{8BBB1CE6-50E9-4C49-B5DD-073891B1FF45}.Release|x64.Build.0 = Release|Any CPU
		{8BBB1CE6-50E9-4C49-B5DD-073891B1FF45}.Release|x86.ActiveCfg = Release|Any CPU
		{8BBB1CE6-50E9-4C49-B5DD-073891B1FF45}.Release|x86.Build.0 = Release|Any CPU
		{E9FE5DE4-6730-4E61-9FB7-022B69821680}.Debug|Any CPU.ActiveCfg = Debug|Any CPU
		{E9FE5DE4-6730-4E61-9FB7-022B69821680}.Debug|Any CPU.Build.0 = Debug|Any CPU
		{E9FE5DE4-6730-4E61-9FB7-022B69821680}.Debug|x64.ActiveCfg = Debug|Any CPU
		{E9FE5DE4-6730-4E61-9FB7-022B69821680}.Debug|x64.Build.0 = Debug|Any CPU
		{E9FE5DE4-6730-4E61-9FB7-022B69821680}.Debug|x86.ActiveCfg = Debug|Any CPU
		{E9FE5DE4-6730-4E61-9FB7-022B69821680}.Debug|x86.Build.0 = Debug|Any CPU
		{E9FE5DE4-6730-4E61-9FB7-022B69821680}.Release|Any CPU.ActiveCfg = Release|Any CPU
		{E9FE5DE4-6730-4E61-9FB7-022B69821680}.Release|Any CPU.Build.0 = Release|Any CPU
		{E9FE5DE4-6730-4E61-9FB7-022B69821680}.Release|x64.ActiveCfg = Release|Any CPU
		{E9FE5DE4-6730-4E61-9FB7-022B69821680}.Release|x64.Build.0 = Release|Any CPU
		{E9FE5DE4-6730-4E61-9FB7-022B69821680}.Release|x86.ActiveCfg = Release|Any CPU
		{E9FE5DE4-6730-4E61-9FB7-022B69821680}.Release|x86.Build.0 = Release|Any CPU
	EndGlobalSection
EndGlobal
